// !$*UTF8*$!
{
	archiveVersion = 1;
	classes = {
	};
	objectVersion = 46;
	objects = {

/* Begin PBXBuildFile section */
		2DC49BD364EA004EA41466A4 /* Pods_WBBWEIBO.framework in Frameworks */ = {isa = PBXBuildFile; fileRef = 531B63F325A791FA44F551E5 /* Pods_WBBWEIBO.framework */; };
		C32B03281F2994E000CC7394 /* SwiftPch.swift in Sources */ = {isa = PBXBuildFile; fileRef = C32B03271F2994E000CC7394 /* SwiftPch.swift */; };
		C32B03321F29AAB500CC7394 /* WBBMainViewController.swift in Sources */ = {isa = PBXBuildFile; fileRef = C32B03311F29AAB500CC7394 /* WBBMainViewController.swift */; };
		C32B03341F29AB4C00CC7394 /* Comment.swift in Sources */ = {isa = PBXBuildFile; fileRef = C32B03331F29AB4C00CC7394 /* Comment.swift */; };
		C32B03361F29ADB700CC7394 /* WBBHomeViewController.swift in Sources */ = {isa = PBXBuildFile; fileRef = C32B03351F29ADB700CC7394 /* WBBHomeViewController.swift */; };
		C32B03381F29B15A00CC7394 /* WBBDiscoverViewController.swift in Sources */ = {isa = PBXBuildFile; fileRef = C32B03371F29B15A00CC7394 /* WBBDiscoverViewController.swift */; };
		C32B033A1F29B18400CC7394 /* WBBProfileViewController.swift in Sources */ = {isa = PBXBuildFile; fileRef = C32B03391F29B18400CC7394 /* WBBProfileViewController.swift */; };
		C32B033C1F29B19900CC7394 /* WBBMessageViewController.swift in Sources */ = {isa = PBXBuildFile; fileRef = C32B033B1F29B19900CC7394 /* WBBMessageViewController.swift */; };
		C32B03411F29BF3600CC7394 /* MainVCSettings.json in Resources */ = {isa = PBXBuildFile; fileRef = C32B033F1F29BF3600CC7394 /* MainVCSettings.json */; };
		C32B03421F29BF3600CC7394 /* NullViewController.swift in Sources */ = {isa = PBXBuildFile; fileRef = C32B03401F29BF3600CC7394 /* NullViewController.swift */; };
		C3590C7E1F2AD33A00EFD686 /* UIBarButtonItem-Extension.swift in Sources */ = {isa = PBXBuildFile; fileRef = C3590C7D1F2AD33A00EFD686 /* UIBarButtonItem-Extension.swift */; };
		C3590C801F2AD6F500EFD686 /* UIButton-Extention.swift in Sources */ = {isa = PBXBuildFile; fileRef = C3590C7F1F2AD6F500EFD686 /* UIButton-Extention.swift */; };
		C3590C821F2AD86900EFD686 /* TitleButton.swift in Sources */ = {isa = PBXBuildFile; fileRef = C3590C811F2AD86800EFD686 /* TitleButton.swift */; };
		C3590C861F2B073800EFD686 /* Popview.storyboard in Resources */ = {isa = PBXBuildFile; fileRef = C3590C851F2B073800EFD686 /* Popview.storyboard */; };
		C3590C8C1F2B393C00EFD686 /* PopAnimator.swift in Sources */ = {isa = PBXBuildFile; fileRef = C3590C8B1F2B393C00EFD686 /* PopAnimator.swift */; };
		C3AAB4661F2DB5BE00CBA536 /* WBBPopViewController.swift in Sources */ = {isa = PBXBuildFile; fileRef = C3AAB4651F2DB5BE00CBA536 /* WBBPopViewController.swift */; };
		C3AAB4681F2DC4FF00CBA536 /* Const.swift in Sources */ = {isa = PBXBuildFile; fileRef = C3AAB4671F2DC4FF00CBA536 /* Const.swift */; };
		C3E6A0D21F29FB1D0050EEB0 /* Main.storyboard in Resources */ = {isa = PBXBuildFile; fileRef = C3E6A0D11F29FB1D0050EEB0 /* Main.storyboard */; };
		C3E6A0D41F29FC5A0050EEB0 /* Home.storyboard in Resources */ = {isa = PBXBuildFile; fileRef = C3E6A0D31F29FC5A0050EEB0 /* Home.storyboard */; };
		C3E6A0D61F29FC6A0050EEB0 /* Message.storyboard in Resources */ = {isa = PBXBuildFile; fileRef = C3E6A0D51F29FC6A0050EEB0 /* Message.storyboard */; };
		C3E6A0D81F29FC830050EEB0 /* Discover.storyboard in Resources */ = {isa = PBXBuildFile; fileRef = C3E6A0D71F29FC830050EEB0 /* Discover.storyboard */; };
		C3E6A0DA1F29FC960050EEB0 /* Profile.storyboard in Resources */ = {isa = PBXBuildFile; fileRef = C3E6A0D91F29FC960050EEB0 /* Profile.storyboard */; };
		C3E6A0DC1F29FD4A0050EEB0 /* Null.storyboard in Resources */ = {isa = PBXBuildFile; fileRef = C3E6A0DB1F29FD4A0050EEB0 /* Null.storyboard */; };
		C3E6A0DE1F2A0DB50050EEB0 /* WBBBaseTableViewController.swift in Sources */ = {isa = PBXBuildFile; fileRef = C3E6A0DD1F2A0DB50050EEB0 /* WBBBaseTableViewController.swift */; };
		C3E6A0E01F2A0EE40050EEB0 /* WBBVisitor.swift in Sources */ = {isa = PBXBuildFile; fileRef = C3E6A0DF1F2A0EE40050EEB0 /* WBBVisitor.swift */; };
		C3E6A0E41F2A0F140050EEB0 /* WBBVisitor.xib in Resources */ = {isa = PBXBuildFile; fileRef = C3E6A0E31F2A0F140050EEB0 /* WBBVisitor.xib */; };
		C3F6371B1F28D07D0009A02B /* AppDelegate.swift in Sources */ = {isa = PBXBuildFile; fileRef = C3F6371A1F28D07D0009A02B /* AppDelegate.swift */; };
		C3F637221F28D07D0009A02B /* Assets.xcassets in Resources */ = {isa = PBXBuildFile; fileRef = C3F637211F28D07D0009A02B /* Assets.xcassets */; };
		C3F637301F28D07D0009A02B /* WBBWEIBOTests.swift in Sources */ = {isa = PBXBuildFile; fileRef = C3F6372F1F28D07D0009A02B /* WBBWEIBOTests.swift */; };
		C3F6373B1F28D07D0009A02B /* WBBWEIBOUITests.swift in Sources */ = {isa = PBXBuildFile; fileRef = C3F6373A1F28D07D0009A02B /* WBBWEIBOUITests.swift */; };
/* End PBXBuildFile section */

/* Begin PBXContainerItemProxy section */
		C3F6372C1F28D07D0009A02B /* PBXContainerItemProxy */ = {
			isa = PBXContainerItemProxy;
			containerPortal = C3F6370F1F28D07D0009A02B /* Project object */;
			proxyType = 1;
			remoteGlobalIDString = C3F637161F28D07D0009A02B;
			remoteInfo = WBBWEIBO;
		};
		C3F637371F28D07D0009A02B /* PBXContainerItemProxy */ = {
			isa = PBXContainerItemProxy;
			containerPortal = C3F6370F1F28D07D0009A02B /* Project object */;
			proxyType = 1;
			remoteGlobalIDString = C3F637161F28D07D0009A02B;
			remoteInfo = WBBWEIBO;
		};
/* End PBXContainerItemProxy section */

/* Begin PBXFileReference section */
		531B63F325A791FA44F551E5 /* Pods_WBBWEIBO.framework */ = {isa = PBXFileReference; explicitFileType = wrapper.framework; includeInIndex = 0; path = Pods_WBBWEIBO.framework; sourceTree = BUILT_PRODUCTS_DIR; };
		8F08E70A6212370F8971FB3E /* Pods-WBBWEIBO.debug.xcconfig */ = {isa = PBXFileReference; includeInIndex = 1; lastKnownFileType = text.xcconfig; name = "Pods-WBBWEIBO.debug.xcconfig"; path = "Pods/Target Support Files/Pods-WBBWEIBO/Pods-WBBWEIBO.debug.xcconfig"; sourceTree = "<group>"; };
		C32B03271F2994E000CC7394 /* SwiftPch.swift */ = {isa = PBXFileReference; fileEncoding = 4; lastKnownFileType = sourcecode.swift; name = SwiftPch.swift; path = ../../SwiftPch.swift; sourceTree = "<group>"; };
		C32B03311F29AAB500CC7394 /* WBBMainViewController.swift */ = {isa = PBXFileReference; fileEncoding = 4; lastKnownFileType = sourcecode.swift; name = WBBMainViewController.swift; path = ../Home/WBBMainViewController.swift; sourceTree = "<group>"; };
		C32B03331F29AB4C00CC7394 /* Comment.swift */ = {isa = PBXFileReference; fileEncoding = 4; lastKnownFileType = sourcecode.swift; path = Comment.swift; sourceTree = "<group>"; };
		C32B03351F29ADB700CC7394 /* WBBHomeViewController.swift */ = {isa = PBXFileReference; fileEncoding = 4; lastKnownFileType = sourcecode.swift; path = WBBHomeViewController.swift; sourceTree = "<group>"; };
		C32B03371F29B15A00CC7394 /* WBBDiscoverViewController.swift */ = {isa = PBXFileReference; fileEncoding = 4; lastKnownFileType = sourcecode.swift; path = WBBDiscoverViewController.swift; sourceTree = "<group>"; };
		C32B03391F29B18400CC7394 /* WBBProfileViewController.swift */ = {isa = PBXFileReference; fileEncoding = 4; lastKnownFileType = sourcecode.swift; path = WBBProfileViewController.swift; sourceTree = "<group>"; };
		C32B033B1F29B19900CC7394 /* WBBMessageViewController.swift */ = {isa = PBXFileReference; fileEncoding = 4; lastKnownFileType = sourcecode.swift; path = WBBMessageViewController.swift; sourceTree = "<group>"; };
		C32B033F1F29BF3600CC7394 /* MainVCSettings.json */ = {isa = PBXFileReference; fileEncoding = 4; lastKnownFileType = text.json; path = MainVCSettings.json; sourceTree = "<group>"; };
		C32B03401F29BF3600CC7394 /* NullViewController.swift */ = {isa = PBXFileReference; fileEncoding = 4; lastKnownFileType = sourcecode.swift; path = NullViewController.swift; sourceTree = "<group>"; };
		C3590C7D1F2AD33A00EFD686 /* UIBarButtonItem-Extension.swift */ = {isa = PBXFileReference; fileEncoding = 4; lastKnownFileType = sourcecode.swift; path = "UIBarButtonItem-Extension.swift"; sourceTree = "<group>"; };
		C3590C7F1F2AD6F500EFD686 /* UIButton-Extention.swift */ = {isa = PBXFileReference; fileEncoding = 4; lastKnownFileType = sourcecode.swift; path = "UIButton-Extention.swift"; sourceTree = "<group>"; };
		C3590C811F2AD86800EFD686 /* TitleButton.swift */ = {isa = PBXFileReference; fileEncoding = 4; lastKnownFileType = sourcecode.swift; path = TitleButton.swift; sourceTree = "<group>"; };
		C3590C851F2B073800EFD686 /* Popview.storyboard */ = {isa = PBXFileReference; fileEncoding = 4; lastKnownFileType = file.storyboard; path = Popview.storyboard; sourceTree = "<group>"; };
		C3590C8B1F2B393C00EFD686 /* PopAnimator.swift */ = {isa = PBXFileReference; fileEncoding = 4; lastKnownFileType = sourcecode.swift; name = PopAnimator.swift; path = ../../Tools/PopAnimator.swift; sourceTree = "<group>"; };
		C3AAB4651F2DB5BE00CBA536 /* WBBPopViewController.swift */ = {isa = PBXFileReference; fileEncoding = 4; lastKnownFileType = sourcecode.swift; path = WBBPopViewController.swift; sourceTree = "<group>"; };
		C3AAB4671F2DC4FF00CBA536 /* Const.swift */ = {isa = PBXFileReference; fileEncoding = 4; lastKnownFileType = sourcecode.swift; path = Const.swift; sourceTree = "<group>"; };
		C3E6A0D11F29FB1D0050EEB0 /* Main.storyboard */ = {isa = PBXFileReference; fileEncoding = 4; lastKnownFileType = file.storyboard; path = Main.storyboard; sourceTree = "<group>"; };
		C3E6A0D31F29FC5A0050EEB0 /* Home.storyboard */ = {isa = PBXFileReference; fileEncoding = 4; lastKnownFileType = file.storyboard; path = Home.storyboard; sourceTree = "<group>"; };
		C3E6A0D51F29FC6A0050EEB0 /* Message.storyboard */ = {isa = PBXFileReference; fileEncoding = 4; lastKnownFileType = file.storyboard; path = Message.storyboard; sourceTree = "<group>"; };
		C3E6A0D71F29FC830050EEB0 /* Discover.storyboard */ = {isa = PBXFileReference; fileEncoding = 4; lastKnownFileType = file.storyboard; path = Discover.storyboard; sourceTree = "<group>"; };
		C3E6A0D91F29FC960050EEB0 /* Profile.storyboard */ = {isa = PBXFileReference; fileEncoding = 4; lastKnownFileType = file.storyboard; path = Profile.storyboard; sourceTree = "<group>"; };
		C3E6A0DB1F29FD4A0050EEB0 /* Null.storyboard */ = {isa = PBXFileReference; fileEncoding = 4; lastKnownFileType = file.storyboard; path = Null.storyboard; sourceTree = "<group>"; };
		C3E6A0DD1F2A0DB50050EEB0 /* WBBBaseTableViewController.swift */ = {isa = PBXFileReference; fileEncoding = 4; lastKnownFileType = sourcecode.swift; path = WBBBaseTableViewController.swift; sourceTree = "<group>"; };
		C3E6A0DF1F2A0EE40050EEB0 /* WBBVisitor.swift */ = {isa = PBXFileReference; fileEncoding = 4; lastKnownFileType = sourcecode.swift; path = WBBVisitor.swift; sourceTree = "<group>"; };
		C3E6A0E31F2A0F140050EEB0 /* WBBVisitor.xib */ = {isa = PBXFileReference; fileEncoding = 4; lastKnownFileType = file.xib; path = WBBVisitor.xib; sourceTree = "<group>"; };
		C3F637171F28D07D0009A02B /* WBBWB.app */ = {isa = PBXFileReference; explicitFileType = wrapper.application; includeInIndex = 0; path = WBBWB.app; sourceTree = BUILT_PRODUCTS_DIR; };
		C3F6371A1F28D07D0009A02B /* AppDelegate.swift */ = {isa = PBXFileReference; lastKnownFileType = sourcecode.swift; path = AppDelegate.swift; sourceTree = "<group>"; };
		C3F637211F28D07D0009A02B /* Assets.xcassets */ = {isa = PBXFileReference; lastKnownFileType = folder.assetcatalog; path = Assets.xcassets; sourceTree = "<group>"; };
		C3F637261F28D07D0009A02B /* Info.plist */ = {isa = PBXFileReference; lastKnownFileType = text.plist.xml; path = Info.plist; sourceTree = "<group>"; };
		C3F6372B1F28D07D0009A02B /* WBBWEIBOTests.xctest */ = {isa = PBXFileReference; explicitFileType = wrapper.cfbundle; includeInIndex = 0; path = WBBWEIBOTests.xctest; sourceTree = BUILT_PRODUCTS_DIR; };
		C3F6372F1F28D07D0009A02B /* WBBWEIBOTests.swift */ = {isa = PBXFileReference; lastKnownFileType = sourcecode.swift; path = WBBWEIBOTests.swift; sourceTree = "<group>"; };
		C3F637311F28D07D0009A02B /* Info.plist */ = {isa = PBXFileReference; lastKnownFileType = text.plist.xml; path = Info.plist; sourceTree = "<group>"; };
		C3F637361F28D07D0009A02B /* WBBWEIBOUITests.xctest */ = {isa = PBXFileReference; explicitFileType = wrapper.cfbundle; includeInIndex = 0; path = WBBWEIBOUITests.xctest; sourceTree = BUILT_PRODUCTS_DIR; };
		C3F6373A1F28D07D0009A02B /* WBBWEIBOUITests.swift */ = {isa = PBXFileReference; lastKnownFileType = sourcecode.swift; path = WBBWEIBOUITests.swift; sourceTree = "<group>"; };
		C3F6373C1F28D07D0009A02B /* Info.plist */ = {isa = PBXFileReference; lastKnownFileType = text.plist.xml; path = Info.plist; sourceTree = "<group>"; };
		E6A3B03B203572D5F83EA4A0 /* Pods-WBBWEIBO.release.xcconfig */ = {isa = PBXFileReference; includeInIndex = 1; lastKnownFileType = text.xcconfig; name = "Pods-WBBWEIBO.release.xcconfig"; path = "Pods/Target Support Files/Pods-WBBWEIBO/Pods-WBBWEIBO.release.xcconfig"; sourceTree = "<group>"; };
/* End PBXFileReference section */

/* Begin PBXFrameworksBuildPhase section */
		C3F637141F28D07D0009A02B /* Frameworks */ = {
			isa = PBXFrameworksBuildPhase;
			buildActionMask = 2147483647;
			files = (
				2DC49BD364EA004EA41466A4 /* Pods_WBBWEIBO.framework in Frameworks */,
			);
			runOnlyForDeploymentPostprocessing = 0;
		};
		C3F637281F28D07D0009A02B /* Frameworks */ = {
			isa = PBXFrameworksBuildPhase;
			buildActionMask = 2147483647;
			files = (
			);
			runOnlyForDeploymentPostprocessing = 0;
		};
		C3F637331F28D07D0009A02B /* Frameworks */ = {
			isa = PBXFrameworksBuildPhase;
			buildActionMask = 2147483647;
			files = (
			);
			runOnlyForDeploymentPostprocessing = 0;
		};
/* End PBXFrameworksBuildPhase section */

/* Begin PBXGroup section */
		6F8A905E06356CBEE99FCE94 /* Frameworks */ = {
			isa = PBXGroup;
			children = (
				531B63F325A791FA44F551E5 /* Pods_WBBWEIBO.framework */,
			);
			name = Frameworks;
			sourceTree = "<group>";
		};
		B04F2A45394A9B844B6CAB3F /* Pods */ = {
			isa = PBXGroup;
			children = (
				8F08E70A6212370F8971FB3E /* Pods-WBBWEIBO.debug.xcconfig */,
				E6A3B03B203572D5F83EA4A0 /* Pods-WBBWEIBO.release.xcconfig */,
			);
			name = Pods;
			sourceTree = "<group>";
		};
		C32B03291F29AA5300CC7394 /* Classes */ = {
			isa = PBXGroup;
			children = (
				C32B032C1F29AA5300CC7394 /* Home */,
				C32B032A1F29AA5300CC7394 /* Compose */,
				C32B033D1F29BF2600CC7394 /* Other */,
				C32B032B1F29AA5300CC7394 /* Discover */,
				C32B032D1F29AA5300CC7394 /* Main */,
				C32B032E1F29AA5300CC7394 /* Message */,
				C32B032F1F29AA5300CC7394 /* Profile */,
				C32B03301F29AA5300CC7394 /* Tools */,
			);
			path = Classes;
			sourceTree = "<group>";
		};
		C32B032A1F29AA5300CC7394 /* Compose */ = {
			isa = PBXGroup;
			children = (
			);
			path = Compose;
			sourceTree = "<group>";
		};
		C32B032B1F29AA5300CC7394 /* Discover */ = {
			isa = PBXGroup;
			children = (
				C32B03371F29B15A00CC7394 /* WBBDiscoverViewController.swift */,
			);
			path = Discover;
			sourceTree = "<group>";
		};
		C32B032C1F29AA5300CC7394 /* Home */ = {
			isa = PBXGroup;
			children = (
				C3590C841F2B072000EFD686 /* Popview */,
				C32B03351F29ADB700CC7394 /* WBBHomeViewController.swift */,
			);
			path = Home;
			sourceTree = "<group>";
		};
		C32B032D1F29AA5300CC7394 /* Main */ = {
			isa = PBXGroup;
			children = (
				C32B03311F29AAB500CC7394 /* WBBMainViewController.swift */,
				C3E6A0DD1F2A0DB50050EEB0 /* WBBBaseTableViewController.swift */,
				C3E6A0DF1F2A0EE40050EEB0 /* WBBVisitor.swift */,
				C3E6A0E31F2A0F140050EEB0 /* WBBVisitor.xib */,
			);
			path = Main;
			sourceTree = "<group>";
		};
		C32B032E1F29AA5300CC7394 /* Message */ = {
			isa = PBXGroup;
			children = (
				C32B033B1F29B19900CC7394 /* WBBMessageViewController.swift */,
			);
			path = Message;
			sourceTree = "<group>";
		};
		C32B032F1F29AA5300CC7394 /* Profile */ = {
			isa = PBXGroup;
			children = (
				C32B03391F29B18400CC7394 /* WBBProfileViewController.swift */,
			);
			path = Profile;
			sourceTree = "<group>";
		};
		C32B03301F29AA5300CC7394 /* Tools */ = {
			isa = PBXGroup;
			children = (
				C32B03271F2994E000CC7394 /* SwiftPch.swift */,
				C32B03331F29AB4C00CC7394 /* Comment.swift */,
				C3590C7D1F2AD33A00EFD686 /* UIBarButtonItem-Extension.swift */,
				C3590C7F1F2AD6F500EFD686 /* UIButton-Extention.swift */,
				C3590C811F2AD86800EFD686 /* TitleButton.swift */,
				C3AAB4671F2DC4FF00CBA536 /* Const.swift */,
			);
			path = Tools;
			sourceTree = "<group>";
		};
		C32B033D1F29BF2600CC7394 /* Other */ = {
			isa = PBXGroup;
			children = (
				C3E6A0D01F29FB020050EEB0 /* Storyboard */,
				C32B033E1F29BF3600CC7394 /* Resource */,
			);
			path = Other;
			sourceTree = "<group>";
		};
		C32B033E1F29BF3600CC7394 /* Resource */ = {
			isa = PBXGroup;
			children = (
				C32B033F1F29BF3600CC7394 /* MainVCSettings.json */,
				C32B03401F29BF3600CC7394 /* NullViewController.swift */,
			);
			path = Resource;
			sourceTree = "<group>";
		};
		C3590C841F2B072000EFD686 /* Popview */ = {
			isa = PBXGroup;
			children = (
				C3590C851F2B073800EFD686 /* Popview.storyboard */,
				C3AAB4651F2DB5BE00CBA536 /* WBBPopViewController.swift */,
				C3590C8B1F2B393C00EFD686 /* PopAnimator.swift */,
			);
			path = Popview;
			sourceTree = "<group>";
		};
		C3E6A0D01F29FB020050EEB0 /* Storyboard */ = {
			isa = PBXGroup;
			children = (
				C3E6A0D11F29FB1D0050EEB0 /* Main.storyboard */,
				C3E6A0D91F29FC960050EEB0 /* Profile.storyboard */,
				C3E6A0D71F29FC830050EEB0 /* Discover.storyboard */,
				C3E6A0D51F29FC6A0050EEB0 /* Message.storyboard */,
				C3E6A0D31F29FC5A0050EEB0 /* Home.storyboard */,
				C3E6A0DB1F29FD4A0050EEB0 /* Null.storyboard */,
			);
			path = Storyboard;
			sourceTree = "<group>";
		};
		C3F6370E1F28D07D0009A02B = {
			isa = PBXGroup;
			children = (
				C3F637191F28D07D0009A02B /* WBBWEIBO */,
				C3F6372E1F28D07D0009A02B /* WBBWEIBOTests */,
				C3F637391F28D07D0009A02B /* WBBWEIBOUITests */,
				C3F637181F28D07D0009A02B /* Products */,
				B04F2A45394A9B844B6CAB3F /* Pods */,
				6F8A905E06356CBEE99FCE94 /* Frameworks */,
			);
			sourceTree = "<group>";
		};
		C3F637181F28D07D0009A02B /* Products */ = {
			isa = PBXGroup;
			children = (
				C3F637171F28D07D0009A02B /* WBBWB.app */,
				C3F6372B1F28D07D0009A02B /* WBBWEIBOTests.xctest */,
				C3F637361F28D07D0009A02B /* WBBWEIBOUITests.xctest */,
			);
			name = Products;
			sourceTree = "<group>";
		};
		C3F637191F28D07D0009A02B /* WBBWEIBO */ = {
			isa = PBXGroup;
			children = (
				C32B03291F29AA5300CC7394 /* Classes */,
				C3F6371A1F28D07D0009A02B /* AppDelegate.swift */,
				C3F637211F28D07D0009A02B /* Assets.xcassets */,
				C3F637261F28D07D0009A02B /* Info.plist */,
			);
			path = WBBWEIBO;
			sourceTree = "<group>";
		};
		C3F6372E1F28D07D0009A02B /* WBBWEIBOTests */ = {
			isa = PBXGroup;
			children = (
				C3F6372F1F28D07D0009A02B /* WBBWEIBOTests.swift */,
				C3F637311F28D07D0009A02B /* Info.plist */,
			);
			path = WBBWEIBOTests;
			sourceTree = "<group>";
		};
		C3F637391F28D07D0009A02B /* WBBWEIBOUITests */ = {
			isa = PBXGroup;
			children = (
				C3F6373A1F28D07D0009A02B /* WBBWEIBOUITests.swift */,
				C3F6373C1F28D07D0009A02B /* Info.plist */,
			);
			path = WBBWEIBOUITests;
			sourceTree = "<group>";
		};
/* End PBXGroup section */

/* Begin PBXNativeTarget section */
		C3F637161F28D07D0009A02B /* WBBWEIBO */ = {
			isa = PBXNativeTarget;
			buildConfigurationList = C3F6373F1F28D07D0009A02B /* Build configuration list for PBXNativeTarget "WBBWEIBO" */;
			buildPhases = (
				8FA209DEA6BAA01DEED52175 /* [CP] Check Pods Manifest.lock */,
				C3F637131F28D07D0009A02B /* Sources */,
				C3F637141F28D07D0009A02B /* Frameworks */,
				C3F637151F28D07D0009A02B /* Resources */,
				B27E4A1058B127281C3C39F8 /* [CP] Embed Pods Frameworks */,
				A6020404B4C2356FAD0D0653 /* [CP] Copy Pods Resources */,
			);
			buildRules = (
			);
			dependencies = (
			);
			name = WBBWEIBO;
			productName = WBBWEIBO;
			productReference = C3F637171F28D07D0009A02B /* WBBWB.app */;
			productType = "com.apple.product-type.application";
		};
		C3F6372A1F28D07D0009A02B /* WBBWEIBOTests */ = {
			isa = PBXNativeTarget;
			buildConfigurationList = C3F637421F28D07D0009A02B /* Build configuration list for PBXNativeTarget "WBBWEIBOTests" */;
			buildPhases = (
				C3F637271F28D07D0009A02B /* Sources */,
				C3F637281F28D07D0009A02B /* Frameworks */,
				C3F637291F28D07D0009A02B /* Resources */,
			);
			buildRules = (
			);
			dependencies = (
				C3F6372D1F28D07D0009A02B /* PBXTargetDependency */,
			);
			name = WBBWEIBOTests;
			productName = WBBWEIBOTests;
			productReference = C3F6372B1F28D07D0009A02B /* WBBWEIBOTests.xctest */;
			productType = "com.apple.product-type.bundle.unit-test";
		};
		C3F637351F28D07D0009A02B /* WBBWEIBOUITests */ = {
			isa = PBXNativeTarget;
			buildConfigurationList = C3F637451F28D07D0009A02B /* Build configuration list for PBXNativeTarget "WBBWEIBOUITests" */;
			buildPhases = (
				C3F637321F28D07D0009A02B /* Sources */,
				C3F637331F28D07D0009A02B /* Frameworks */,
				C3F637341F28D07D0009A02B /* Resources */,
			);
			buildRules = (
			);
			dependencies = (
				C3F637381F28D07D0009A02B /* PBXTargetDependency */,
			);
			name = WBBWEIBOUITests;
			productName = WBBWEIBOUITests;
			productReference = C3F637361F28D07D0009A02B /* WBBWEIBOUITests.xctest */;
			productType = "com.apple.product-type.bundle.ui-testing";
		};
/* End PBXNativeTarget section */

/* Begin PBXProject section */
		C3F6370F1F28D07D0009A02B /* Project object */ = {
			isa = PBXProject;
			attributes = {
				CLASSPREFIX = WBB;
				LastSwiftUpdateCheck = 0830;
				LastUpgradeCheck = 0830;
				ORGANIZATIONNAME = "王宾宾";
				TargetAttributes = {
					C3F637161F28D07D0009A02B = {
						CreatedOnToolsVersion = 8.3.3;
						DevelopmentTeam = H5NBZVR2SP;
						ProvisioningStyle = Automatic;
					};
					C3F6372A1F28D07D0009A02B = {
						CreatedOnToolsVersion = 8.3.3;
						DevelopmentTeam = H5NBZVR2SP;
						ProvisioningStyle = Automatic;
						TestTargetID = C3F637161F28D07D0009A02B;
					};
					C3F637351F28D07D0009A02B = {
						CreatedOnToolsVersion = 8.3.3;
						DevelopmentTeam = H5NBZVR2SP;
						ProvisioningStyle = Automatic;
						TestTargetID = C3F637161F28D07D0009A02B;
					};
				};
			};
			buildConfigurationList = C3F637121F28D07D0009A02B /* Build configuration list for PBXProject "WBBWEIBO" */;
			compatibilityVersion = "Xcode 3.2";
			developmentRegion = English;
			hasScannedForEncodings = 0;
			knownRegions = (
				en,
				Base,
			);
			mainGroup = C3F6370E1F28D07D0009A02B;
			productRefGroup = C3F637181F28D07D0009A02B /* Products */;
			projectDirPath = "";
			projectRoot = "";
			targets = (
				C3F637161F28D07D0009A02B /* WBBWEIBO */,
				C3F6372A1F28D07D0009A02B /* WBBWEIBOTests */,
				C3F637351F28D07D0009A02B /* WBBWEIBOUITests */,
			);
		};
/* End PBXProject section */

/* Begin PBXResourcesBuildPhase section */
		C3F637151F28D07D0009A02B /* Resources */ = {
			isa = PBXResourcesBuildPhase;
			buildActionMask = 2147483647;
			files = (
				C3E6A0D21F29FB1D0050EEB0 /* Main.storyboard in Resources */,
				C3E6A0E41F2A0F140050EEB0 /* WBBVisitor.xib in Resources */,
				C3E6A0DC1F29FD4A0050EEB0 /* Null.storyboard in Resources */,
				C3590C861F2B073800EFD686 /* Popview.storyboard in Resources */,
				C32B03411F29BF3600CC7394 /* MainVCSettings.json in Resources */,
				C3E6A0D61F29FC6A0050EEB0 /* Message.storyboard in Resources */,
				C3F637221F28D07D0009A02B /* Assets.xcassets in Resources */,
				C3E6A0D41F29FC5A0050EEB0 /* Home.storyboard in Resources */,
				C3E6A0DA1F29FC960050EEB0 /* Profile.storyboard in Resources */,
				C3E6A0D81F29FC830050EEB0 /* Discover.storyboard in Resources */,
			);
			runOnlyForDeploymentPostprocessing = 0;
		};
		C3F637291F28D07D0009A02B /* Resources */ = {
			isa = PBXResourcesBuildPhase;
			buildActionMask = 2147483647;
			files = (
			);
			runOnlyForDeploymentPostprocessing = 0;
		};
		C3F637341F28D07D0009A02B /* Resources */ = {
			isa = PBXResourcesBuildPhase;
			buildActionMask = 2147483647;
			files = (
			);
			runOnlyForDeploymentPostprocessing = 0;
		};
/* End PBXResourcesBuildPhase section */

/* Begin PBXShellScriptBuildPhase section */
		8FA209DEA6BAA01DEED52175 /* [CP] Check Pods Manifest.lock */ = {
			isa = PBXShellScriptBuildPhase;
			buildActionMask = 2147483647;
			files = (
			);
			inputPaths = (
			);
			name = "[CP] Check Pods Manifest.lock";
			outputPaths = (
			);
			runOnlyForDeploymentPostprocessing = 0;
			shellPath = /bin/sh;
			shellScript = "diff \"${PODS_ROOT}/../Podfile.lock\" \"${PODS_ROOT}/Manifest.lock\" > /dev/null\nif [ $? != 0 ] ; then\n    # print error to STDERR\n    echo \"error: The sandbox is not in sync with the Podfile.lock. Run 'pod install' or update your CocoaPods installation.\" >&2\n    exit 1\nfi\n";
			showEnvVarsInLog = 0;
		};
		A6020404B4C2356FAD0D0653 /* [CP] Copy Pods Resources */ = {
			isa = PBXShellScriptBuildPhase;
			buildActionMask = 2147483647;
			files = (
			);
			inputPaths = (
			);
			name = "[CP] Copy Pods Resources";
			outputPaths = (
			);
			runOnlyForDeploymentPostprocessing = 0;
			shellPath = /bin/sh;
			shellScript = "\"${SRCROOT}/Pods/Target Support Files/Pods-WBBWEIBO/Pods-WBBWEIBO-resources.sh\"\n";
			showEnvVarsInLog = 0;
		};
		B27E4A1058B127281C3C39F8 /* [CP] Embed Pods Frameworks */ = {
			isa = PBXShellScriptBuildPhase;
			buildActionMask = 2147483647;
			files = (
			);
			inputPaths = (
			);
			name = "[CP] Embed Pods Frameworks";
			outputPaths = (
			);
			runOnlyForDeploymentPostprocessing = 0;
			shellPath = /bin/sh;
			shellScript = "\"${SRCROOT}/Pods/Target Support Files/Pods-WBBWEIBO/Pods-WBBWEIBO-frameworks.sh\"\n";
			showEnvVarsInLog = 0;
		};
/* End PBXShellScriptBuildPhase section */

/* Begin PBXSourcesBuildPhase section */
		C3F637131F28D07D0009A02B /* Sources */ = {
			isa = PBXSourcesBuildPhase;
			buildActionMask = 2147483647;
			files = (
				C3590C821F2AD86900EFD686 /* TitleButton.swift in Sources */,
				C3E6A0DE1F2A0DB50050EEB0 /* WBBBaseTableViewController.swift in Sources */,
				C3590C801F2AD6F500EFD686 /* UIButton-Extention.swift in Sources */,
				C32B033C1F29B19900CC7394 /* WBBMessageViewController.swift in Sources */,
				C3590C8C1F2B393C00EFD686 /* PopAnimator.swift in Sources */,
				C3590C7E1F2AD33A00EFD686 /* UIBarButtonItem-Extension.swift in Sources */,
				C3AAB4681F2DC4FF00CBA536 /* Const.swift in Sources */,
				C32B03341F29AB4C00CC7394 /* Comment.swift in Sources */,
				C32B03321F29AAB500CC7394 /* WBBMainViewController.swift in Sources */,
				C32B03281F2994E000CC7394 /* SwiftPch.swift in Sources */,
				C32B03421F29BF3600CC7394 /* NullViewController.swift in Sources */,
				C3E6A0E01F2A0EE40050EEB0 /* WBBVisitor.swift in Sources */,
				C32B03361F29ADB700CC7394 /* WBBHomeViewController.swift in Sources */,
				C3F6371B1F28D07D0009A02B /* AppDelegate.swift in Sources */,
				C32B03381F29B15A00CC7394 /* WBBDiscoverViewController.swift in Sources */,
				C3AAB4661F2DB5BE00CBA536 /* WBBPopViewController.swift in Sources */,
				C32B033A1F29B18400CC7394 /* WBBProfileViewController.swift in Sources */,
			);
			runOnlyForDeploymentPostprocessing = 0;
		};
		C3F637271F28D07D0009A02B /* Sources */ = {
			isa = PBXSourcesBuildPhase;
			buildActionMask = 2147483647;
			files = (
				C3F637301F28D07D0009A02B /* WBBWEIBOTests.swift in Sources */,
			);
			runOnlyForDeploymentPostprocessing = 0;
		};
		C3F637321F28D07D0009A02B /* Sources */ = {
			isa = PBXSourcesBuildPhase;
			buildActionMask = 2147483647;
			files = (
				C3F6373B1F28D07D0009A02B /* WBBWEIBOUITests.swift in Sources */,
			);
			runOnlyForDeploymentPostprocessing = 0;
		};
/* End PBXSourcesBuildPhase section */

/* Begin PBXTargetDependency section */
		C3F6372D1F28D07D0009A02B /* PBXTargetDependency */ = {
			isa = PBXTargetDependency;
			target = C3F637161F28D07D0009A02B /* WBBWEIBO */;
			targetProxy = C3F6372C1F28D07D0009A02B /* PBXContainerItemProxy */;
		};
		C3F637381F28D07D0009A02B /* PBXTargetDependency */ = {
			isa = PBXTargetDependency;
			target = C3F637161F28D07D0009A02B /* WBBWEIBO */;
			targetProxy = C3F637371F28D07D0009A02B /* PBXContainerItemProxy */;
		};
/* End PBXTargetDependency section */

/* Begin XCBuildConfiguration section */
		C3F6373D1F28D07D0009A02B /* Debug */ = {
			isa = XCBuildConfiguration;
			buildSettings = {
				ALWAYS_SEARCH_USER_PATHS = NO;
				CLANG_ANALYZER_NONNULL = YES;
				CLANG_ANALYZER_NUMBER_OBJECT_CONVERSION = YES_AGGRESSIVE;
				CLANG_CXX_LANGUAGE_STANDARD = "gnu++0x";
				CLANG_CXX_LIBRARY = "libc++";
				CLANG_ENABLE_MODULES = YES;
				CLANG_ENABLE_OBJC_ARC = YES;
				CLANG_WARN_BOOL_CONVERSION = YES;
				CLANG_WARN_CONSTANT_CONVERSION = YES;
				CLANG_WARN_DIRECT_OBJC_ISA_USAGE = YES_ERROR;
				CLANG_WARN_DOCUMENTATION_COMMENTS = YES;
				CLANG_WARN_EMPTY_BODY = YES;
				CLANG_WARN_ENUM_CONVERSION = YES;
				CLANG_WARN_INFINITE_RECURSION = YES;
				CLANG_WARN_INT_CONVERSION = YES;
				CLANG_WARN_OBJC_ROOT_CLASS = YES_ERROR;
				CLANG_WARN_SUSPICIOUS_MOVE = YES;
				CLANG_WARN_UNREACHABLE_CODE = YES;
				CLANG_WARN__DUPLICATE_METHOD_MATCH = YES;
				"CODE_SIGN_IDENTITY[sdk=iphoneos*]" = "iPhone Developer";
				COPY_PHASE_STRIP = NO;
				DEBUG_INFORMATION_FORMAT = dwarf;
				ENABLE_STRICT_OBJC_MSGSEND = YES;
				ENABLE_TESTABILITY = YES;
				GCC_C_LANGUAGE_STANDARD = gnu99;
				GCC_DYNAMIC_NO_PIC = NO;
				GCC_NO_COMMON_BLOCKS = YES;
				GCC_OPTIMIZATION_LEVEL = 0;
				GCC_PREPROCESSOR_DEFINITIONS = (
					"DEBUG=1",
					"$(inherited)",
				);
				GCC_WARN_64_TO_32_BIT_CONVERSION = YES;
				GCC_WARN_ABOUT_RETURN_TYPE = YES_ERROR;
				GCC_WARN_UNDECLARED_SELECTOR = YES;
				GCC_WARN_UNINITIALIZED_AUTOS = YES_AGGRESSIVE;
				GCC_WARN_UNUSED_FUNCTION = YES;
				GCC_WARN_UNUSED_VARIABLE = YES;
				IPHONEOS_DEPLOYMENT_TARGET = 10.3;
				MTL_ENABLE_DEBUG_INFO = YES;
				ONLY_ACTIVE_ARCH = YES;
				SDKROOT = iphoneos;
				SWIFT_ACTIVE_COMPILATION_CONDITIONS = DEBUG;
				SWIFT_OPTIMIZATION_LEVEL = "-Onone";
				TARGETED_DEVICE_FAMILY = "1,2";
			};
			name = Debug;
		};
		C3F6373E1F28D07D0009A02B /* Release */ = {
			isa = XCBuildConfiguration;
			buildSettings = {
				ALWAYS_SEARCH_USER_PATHS = NO;
				CLANG_ANALYZER_NONNULL = YES;
				CLANG_ANALYZER_NUMBER_OBJECT_CONVERSION = YES_AGGRESSIVE;
				CLANG_CXX_LANGUAGE_STANDARD = "gnu++0x";
				CLANG_CXX_LIBRARY = "libc++";
				CLANG_ENABLE_MODULES = YES;
				CLANG_ENABLE_OBJC_ARC = YES;
				CLANG_WARN_BOOL_CONVERSION = YES;
				CLANG_WARN_CONSTANT_CONVERSION = YES;
				CLANG_WARN_DIRECT_OBJC_ISA_USAGE = YES_ERROR;
				CLANG_WARN_DOCUMENTATION_COMMENTS = YES;
				CLANG_WARN_EMPTY_BODY = YES;
				CLANG_WARN_ENUM_CONVERSION = YES;
				CLANG_WARN_INFINITE_RECURSION = YES;
				CLANG_WARN_INT_CONVERSION = YES;
				CLANG_WARN_OBJC_ROOT_CLASS = YES_ERROR;
				CLANG_WARN_SUSPICIOUS_MOVE = YES;
				CLANG_WARN_UNREACHABLE_CODE = YES;
				CLANG_WARN__DUPLICATE_METHOD_MATCH = YES;
				"CODE_SIGN_IDENTITY[sdk=iphoneos*]" = "iPhone Developer";
				COPY_PHASE_STRIP = NO;
				DEBUG_INFORMATION_FORMAT = "dwarf-with-dsym";
				ENABLE_NS_ASSERTIONS = NO;
				ENABLE_STRICT_OBJC_MSGSEND = YES;
				GCC_C_LANGUAGE_STANDARD = gnu99;
				GCC_NO_COMMON_BLOCKS = YES;
				GCC_WARN_64_TO_32_BIT_CONVERSION = YES;
				GCC_WARN_ABOUT_RETURN_TYPE = YES_ERROR;
				GCC_WARN_UNDECLARED_SELECTOR = YES;
				GCC_WARN_UNINITIALIZED_AUTOS = YES_AGGRESSIVE;
				GCC_WARN_UNUSED_FUNCTION = YES;
				GCC_WARN_UNUSED_VARIABLE = YES;
				IPHONEOS_DEPLOYMENT_TARGET = 10.3;
				MTL_ENABLE_DEBUG_INFO = NO;
				SDKROOT = iphoneos;
				SWIFT_OPTIMIZATION_LEVEL = "-Owholemodule";
				TARGETED_DEVICE_FAMILY = "1,2";
				VALIDATE_PRODUCT = YES;
			};
			name = Release;
		};
		C3F637401F28D07D0009A02B /* Debug */ = {
			isa = XCBuildConfiguration;
			baseConfigurationReference = 8F08E70A6212370F8971FB3E /* Pods-WBBWEIBO.debug.xcconfig */;
			buildSettings = {
				ALWAYS_EMBED_SWIFT_STANDARD_LIBRARIES = YES;
				ASSETCATALOG_COMPILER_APPICON_NAME = AppIcon;
				ASSETCATALOG_COMPILER_LAUNCHIMAGE_NAME = LaunchImage;
				DEVELOPMENT_TEAM = H5NBZVR2SP;
				INFOPLIST_FILE = WBBWEIBO/Info.plist;
				IPHONEOS_DEPLOYMENT_TARGET = 9.0;
				LD_RUNPATH_SEARCH_PATHS = "$(inherited) @executable_path/Frameworks";
				PRODUCT_BUNDLE_IDENTIFIER = com.bin.WBBWEIBO;
				PRODUCT_NAME = WBBWB;
				SWIFT_VERSION = 3.0;
				TARGETED_DEVICE_FAMILY = 1;
			};
			name = Debug;
		};
		C3F637411F28D07D0009A02B /* Release */ = {
			isa = XCBuildConfiguration;
			baseConfigurationReference = E6A3B03B203572D5F83EA4A0 /* Pods-WBBWEIBO.release.xcconfig */;
			buildSettings = {
				ALWAYS_EMBED_SWIFT_STANDARD_LIBRARIES = YES;
				ASSETCATALOG_COMPILER_APPICON_NAME = AppIcon;
				ASSETCATALOG_COMPILER_LAUNCHIMAGE_NAME = LaunchImage;
				DEVELOPMENT_TEAM = H5NBZVR2SP;
				INFOPLIST_FILE = WBBWEIBO/Info.plist;
				IPHONEOS_DEPLOYMENT_TARGET = 9.0;
				LD_RUNPATH_SEARCH_PATHS = "$(inherited) @executable_path/Frameworks";
				PRODUCT_BUNDLE_IDENTIFIER = com.bin.WBBWEIBO;
				PRODUCT_NAME = WBBWB;
				SWIFT_VERSION = 3.0;
				TARGETED_DEVICE_FAMILY = 1;
			};
			name = Release;
		};
		C3F637431F28D07D0009A02B /* Debug */ = {
			isa = XCBuildConfiguration;
			buildSettings = {
				ALWAYS_EMBED_SWIFT_STANDARD_LIBRARIES = YES;
				BUNDLE_LOADER = "$(TEST_HOST)";
				DEVELOPMENT_TEAM = H5NBZVR2SP;
				INFOPLIST_FILE = WBBWEIBOTests/Info.plist;
				LD_RUNPATH_SEARCH_PATHS = "$(inherited) @executable_path/Frameworks @loader_path/Frameworks";
				PRODUCT_BUNDLE_IDENTIFIER = com.bin.WBBWEIBOTests;
				PRODUCT_NAME = "$(TARGET_NAME)";
				SWIFT_VERSION = 3.0;
				TEST_HOST = "$(BUILT_PRODUCTS_DIR)/WBBWEIBO.app/WBBWEIBO";
			};
			name = Debug;
		};
		C3F637441F28D07D0009A02B /* Release */ = {
			isa = XCBuildConfiguration;
			buildSettings = {
				ALWAYS_EMBED_SWIFT_STANDARD_LIBRARIES = YES;
				BUNDLE_LOADER = "$(TEST_HOST)";
				DEVELOPMENT_TEAM = H5NBZVR2SP;
				INFOPLIST_FILE = WBBWEIBOTests/Info.plist;
				LD_RUNPATH_SEARCH_PATHS = "$(inherited) @executable_path/Frameworks @loader_path/Frameworks";
				PRODUCT_BUNDLE_IDENTIFIER = com.bin.WBBWEIBOTests;
				PRODUCT_NAME = "$(TARGET_NAME)";
				SWIFT_VERSION = 3.0;
				TEST_HOST = "$(BUILT_PRODUCTS_DIR)/WBBWEIBO.app/WBBWEIBO";
			};
			name = Release;
		};
		C3F637461F28D07D0009A02B /* Debug */ = {
			isa = XCBuildConfiguration;
			buildSettings = {
				ALWAYS_EMBED_SWIFT_STANDARD_LIBRARIES = YES;
				DEVELOPMENT_TEAM = H5NBZVR2SP;
				INFOPLIST_FILE = WBBWEIBOUITests/Info.plist;
				LD_RUNPATH_SEARCH_PATHS = "$(inherited) @executable_path/Frameworks @loader_path/Frameworks";
				PRODUCT_BUNDLE_IDENTIFIER = com.bin.WBBWEIBOUITests;
				PRODUCT_NAME = "$(TARGET_NAME)";
				SWIFT_VERSION = 3.0;
				TEST_TARGET_NAME = WBBWEIBO;
			};
			name = Debug;
		};
		C3F637471F28D07D0009A02B /* Release */ = {
			isa = XCBuildConfiguration;
			buildSettings = {
				ALWAYS_EMBED_SWIFT_STANDARD_LIBRARIES = YES;
				DEVELOPMENT_TEAM = H5NBZVR2SP;
				INFOPLIST_FILE = WBBWEIBOUITests/Info.plist;
				LD_RUNPATH_SEARCH_PATHS = "$(inherited) @executable_path/Frameworks @loader_path/Frameworks";
				PRODUCT_BUNDLE_IDENTIFIER = com.bin.WBBWEIBOUITests;
				PRODUCT_NAME = "$(TARGET_NAME)";
				SWIFT_VERSION = 3.0;
				TEST_TARGET_NAME = WBBWEIBO;
			};
			name = Release;
		};
/* End XCBuildConfiguration section */

/* Begin XCConfigurationList section */
		C3F637121F28D07D0009A02B /* Build configuration list for PBXProject "WBBWEIBO" */ = {
			isa = XCConfigurationList;
			buildConfigurations = (
				C3F6373D1F28D07D0009A02B /* Debug */,
				C3F6373E1F28D07D0009A02B /* Release */,
			);
			defaultConfigurationIsVisible = 0;
			defaultConfigurationName = Release;
		};
		C3F6373F1F28D07D0009A02B /* Build configuration list for PBXNativeTarget "WBBWEIBO" */ = {
			isa = XCConfigurationList;
			buildConfigurations = (
				C3F637401F28D07D0009A02B /* Debug */,
				C3F637411F28D07D0009A02B /* Release */,
			);
			defaultConfigurationIsVisible = 0;
			defaultConfigurationName = Release;
		};
		C3F637421F28D07D0009A02B /* Build configuration list for PBXNativeTarget "WBBWEIBOTests" */ = {
			isa = XCConfigurationList;
			buildConfigurations = (
				C3F637431F28D07D0009A02B /* Debug */,
				C3F637441F28D07D0009A02B /* Release */,
			);
			defaultConfigurationIsVisible = 0;
			defaultConfigurationName = Release;
		};
		C3F637451F28D07D0009A02B /* Build configuration list for PBXNativeTarget "WBBWEIBOUITests" */ = {
			isa = XCConfigurationList;
			buildConfigurations = (
				C3F637461F28D07D0009A02B /* Debug */,
				C3F637471F28D07D0009A02B /* Release */,
			);
			defaultConfigurationIsVisible = 0;
			defaultConfigurationName = Release;
		};
/* End XCConfigurationList section */
	};
	rootObject = C3F6370F1F28D07D0009A02B /* Project object */;
}
